
Microsoft Visual Studio Solution File, Format Version 12.00
# Visual Studio 15
VisualStudioVersion = 15.0.28010.2019
MinimumVisualStudioVersion = 10.0.40219.1
Project("{FAE04EC0-301F-11D3-BF4B-00C04F79EFBC}") = "NFCReader", "NFCReader\NFCReader\NFCReader.csproj", "{9B2AF102-9E47-4259-855E-4DB0DCC45EF1}"
EndProject
Project("{FAE04EC0-301F-11D3-BF4B-00C04F79EFBC}") = "NFCReader.Android", "NFCReader\NFCReader.Android\NFCReader.Android.csproj", "{AA5B445F-042F-446C-BFA2-79B1BD10D9D9}"
EndProject
Project("{FAE04EC0-301F-11D3-BF4B-00C04F79EFBC}") = "NFCReader.iOS", "NFCReader\NFCReader.iOS\NFCReader.iOS.csproj", "{BBB85D18-F4B1-4B06-889C-E2306EF78EC8}"
EndProject
Project("{FAE04EC0-301F-11D3-BF4B-00C04F79EFBC}") = "NFCReader.UWP", "NFCReader\NFCReader.UWP\NFCReader.UWP.csproj", "{9482DA79-2263-42F5-876B-0619ED4606CC}"
EndProject
Global
	GlobalSection(SolutionConfigurationPlatforms) = preSolution
		Ad-Hoc|Any CPU = Ad-Hoc|Any CPU
		Ad-Hoc|ARM = Ad-Hoc|ARM
		Ad-Hoc|iPhone = Ad-Hoc|iPhone
		Ad-Hoc|iPhoneSimulator = Ad-Hoc|iPhoneSimulator
		Ad-Hoc|x64 = Ad-Hoc|x64
		Ad-Hoc|x86 = Ad-Hoc|x86
		AppStore|Any CPU = AppStore|Any CPU
		AppStore|ARM = AppStore|ARM
		AppStore|iPhone = AppStore|iPhone
		AppStore|iPhoneSimulator = AppStore|iPhoneSimulator
		AppStore|x64 = AppStore|x64
		AppStore|x86 = AppStore|x86
		Debug|Any CPU = Debug|Any CPU
		Debug|ARM = Debug|ARM
		Debug|iPhone = Debug|iPhone
		Debug|iPhoneSimulator = Debug|iPhoneSimulator
		Debug|x64 = Debug|x64
		Debug|x86 = Debug|x86
		Release|Any CPU = Release|Any CPU
		Release|ARM = Release|ARM
		Release|iPhone = Release|iPhone
		Release|iPhoneSimulator = Release|iPhoneSimulator
		Release|x64 = Release|x64
		Release|x86 = Release|x86
	EndGlobalSection
	GlobalSection(ProjectConfigurationPlatforms) = postSolution
		{9B2AF102-9E47-4259-855E-4DB0DCC45EF1}.Ad-Hoc|Any CPU.ActiveCfg = Debug|Any CPU
		{9B2AF102-9E47-4259-855E-4DB0DCC45EF1}.Ad-Hoc|Any CPU.Build.0 = Debug|Any CPU
		{9B2AF102-9E47-4259-855E-4DB0DCC45EF1}.Ad-Hoc|ARM.ActiveCfg = Debug|Any CPU
		{9B2AF102-9E47-4259-855E-4DB0DCC45EF1}.Ad-Hoc|ARM.Build.0 = Debug|Any CPU
		{9B2AF102-9E47-4259-855E-4DB0DCC45EF1}.Ad-Hoc|iPhone.ActiveCfg = Debug|Any CPU
		{9B2AF102-9E47-4259-855E-4DB0DCC45EF1}.Ad-Hoc|iPhone.Build.0 = Debug|Any CPU
		{9B2AF102-9E47-4259-855E-4DB0DCC45EF1}.Ad-Hoc|iPhoneSimulator.ActiveCfg = Debug|Any CPU
		{9B2AF102-9E47-4259-855E-4DB0DCC45EF1}.Ad-Hoc|iPhoneSimulator.Build.0 = Debug|Any CPU
		{9B2AF102-9E47-4259-855E-4DB0DCC45EF1}.Ad-Hoc|x64.ActiveCfg = Debug|Any CPU
		{9B2AF102-9E47-4259-855E-4DB0DCC45EF1}.Ad-Hoc|x64.Build.0 = Debug|Any CPU
		{9B2AF102-9E47-4259-855E-4DB0DCC45EF1}.Ad-Hoc|x86.ActiveCfg = Debug|Any CPU
		{9B2AF102-9E47-4259-855E-4DB0DCC45EF1}.Ad-Hoc|x86.Build.0 = Debug|Any CPU
		{9B2AF102-9E47-4259-855E-4DB0DCC45EF1}.AppStore|Any CPU.ActiveCfg = Debug|Any CPU
		{9B2AF102-9E47-4259-855E-4DB0DCC45EF1}.AppStore|Any CPU.Build.0 = Debug|Any CPU
		{9B2AF102-9E47-4259-855E-4DB0DCC45EF1}.AppStore|ARM.ActiveCfg = Debug|Any CPU
		{9B2AF102-9E47-4259-855E-4DB0DCC45EF1}.AppStore|ARM.Build.0 = Debug|Any CPU
		{9B2AF102-9E47-4259-855E-4DB0DCC45EF1}.AppStore|iPhone.ActiveCfg = Debug|Any CPU
		{9B2AF102-9E47-4259-855E-4DB0DCC45EF1}.AppStore|iPhone.Build.0 = Debug|Any CPU
		{9B2AF102-9E47-4259-855E-4DB0DCC45EF1}.AppStore|iPhoneSimulator.ActiveCfg = Debug|Any CPU
		{9B2AF102-9E47-4259-855E-4DB0DCC45EF1}.AppStore|iPhoneSimulator.Build.0 = Debug|Any CPU
		{9B2AF102-9E47-4259-855E-4DB0DCC45EF1}.AppStore|x64.ActiveCfg = Debug|Any CPU
		{9B2AF102-9E47-4259-855E-4DB0DCC45EF1}.AppStore|x64.Build.0 = Debug|Any CPU
		{9B2AF102-9E47-4259-855E-4DB0DCC45EF1}.AppStore|x86.ActiveCfg = Debug|Any CPU
		{9B2AF102-9E47-4259-855E-4DB0DCC45EF1}.AppStore|x86.Build.0 = Debug|Any CPU
		{9B2AF102-9E47-4259-855E-4DB0DCC45EF1}.Debug|Any CPU.ActiveCfg = Debug|Any CPU
		{9B2AF102-9E47-4259-855E-4DB0DCC45EF1}.Debug|Any CPU.Build.0 = Debug|Any CPU
		{9B2AF102-9E47-4259-855E-4DB0DCC45EF1}.Debug|ARM.ActiveCfg = Debug|Any CPU
		{9B2AF102-9E47-4259-855E-4DB0DCC45EF1}.Debug|ARM.Build.0 = Debug|Any CPU
		{9B2AF102-9E47-4259-855E-4DB0DCC45EF1}.Debug|iPhone.ActiveCfg = Debug|Any CPU
		{9B2AF102-9E47-4259-855E-4DB0DCC45EF1}.Debug|iPhone.Build.0 = Debug|Any CPU
		{9B2AF102-9E47-4259-855E-4DB0DCC45EF1}.Debug|iPhoneSimulator.ActiveCfg = Debug|Any CPU
		{9B2AF102-9E47-4259-855E-4DB0DCC45EF1}.Debug|iPhoneSimulator.Build.0 = Debug|Any CPU
		{9B2AF102-9E47-4259-855E-4DB0DCC45EF1}.Debug|x64.ActiveCfg = Debug|Any CPU
		{9B2AF102-9E47-4259-855E-4DB0DCC45EF1}.Debug|x64.Build.0 = Debug|Any CPU
		{9B2AF102-9E47-4259-855E-4DB0DCC45EF1}.Debug|x86.ActiveCfg = Debug|Any CPU
		{9B2AF102-9E47-4259-855E-4DB0DCC45EF1}.Debug|x86.Build.0 = Debug|Any CPU
		{9B2AF102-9E47-4259-855E-4DB0DCC45EF1}.Release|Any CPU.ActiveCfg = Release|Any CPU
		{9B2AF102-9E47-4259-855E-4DB0DCC45EF1}.Release|Any CPU.Build.0 = Release|Any CPU
		{9B2AF102-9E47-4259-855E-4DB0DCC45EF1}.Release|ARM.ActiveCfg = Release|Any CPU
		{9B2AF102-9E47-4259-855E-4DB0DCC45EF1}.Release|ARM.Build.0 = Release|Any CPU
		{9B2AF102-9E47-4259-855E-4DB0DCC45EF1}.Release|iPhone.ActiveCfg = Release|Any CPU
		{9B2AF102-9E47-4259-855E-4DB0DCC45EF1}.Release|iPhone.Build.0 = Release|Any CPU
		{9B2AF102-9E47-4259-855E-4DB0DCC45EF1}.Release|iPhoneSimulator.ActiveCfg = Release|Any CPU
		{9B2AF102-9E47-4259-855E-4DB0DCC45EF1}.Release|iPhoneSimulator.Build.0 = Release|Any CPU
		{9B2AF102-9E47-4259-855E-4DB0DCC45EF1}.Release|x64.ActiveCfg = Release|Any CPU
		{9B2AF102-9E47-4259-855E-4DB0DCC45EF1}.Release|x64.Build.0 = Release|Any CPU
		{9B2AF102-9E47-4259-855E-4DB0DCC45EF1}.Release|x86.ActiveCfg = Release|Any CPU
		{9B2AF102-9E47-4259-855E-4DB0DCC45EF1}.Release|x86.Build.0 = Release|Any CPU
		{AA5B445F-042F-446C-BFA2-79B1BD10D9D9}.Ad-Hoc|Any CPU.ActiveCfg = Release|Any CPU
		{AA5B445F-042F-446C-BFA2-79B1BD10D9D9}.Ad-Hoc|Any CPU.Build.0 = Release|Any CPU
		{AA5B445F-042F-446C-BFA2-79B1BD10D9D9}.Ad-Hoc|Any CPU.Deploy.0 = Release|Any CPU
		{AA5B445F-042F-446C-BFA2-79B1BD10D9D9}.Ad-Hoc|ARM.ActiveCfg = Release|Any CPU
		{AA5B445F-042F-446C-BFA2-79B1BD10D9D9}.Ad-Hoc|ARM.Build.0 = Release|Any CPU
		{AA5B445F-042F-446C-BFA2-79B1BD10D9D9}.Ad-Hoc|ARM.Deploy.0 = Release|Any CPU
		{AA5B445F-042F-446C-BFA2-79B1BD10D9D9}.Ad-Hoc|iPhone.ActiveCfg = Release|Any CPU
		{AA5B445F-042F-446C-BFA2-79B1BD10D9D9}.Ad-Hoc|iPhone.Build.0 = Release|Any CPU
		{AA5B445F-042F-446C-BFA2-79B1BD10D9D9}.Ad-Hoc|iPhone.Deploy.0 = Release|Any CPU
		{AA5B445F-042F-446C-BFA2-79B1BD10D9D9}.Ad-Hoc|iPhoneSimulator.ActiveCfg = Release|Any CPU
		{AA5B445F-042F-446C-BFA2-79B1BD10D9D9}.Ad-Hoc|iPhoneSimulator.Build.0 = Release|Any CPU
		{AA5B445F-042F-446C-BFA2-79B1BD10D9D9}.Ad-Hoc|iPhoneSimulator.Deploy.0 = Release|Any CPU
		{AA5B445F-042F-446C-BFA2-79B1BD10D9D9}.Ad-Hoc|x64.ActiveCfg = Release|Any CPU
		{AA5B445F-042F-446C-BFA2-79B1BD10D9D9}.Ad-Hoc|x64.Build.0 = Release|Any CPU
		{AA5B445F-042F-446C-BFA2-79B1BD10D9D9}.Ad-Hoc|x64.Deploy.0 = Release|Any CPU
		{AA5B445F-042F-446C-BFA2-79B1BD10D9D9}.Ad-Hoc|x86.ActiveCfg = Release|Any CPU
		{AA5B445F-042F-446C-BFA2-79B1BD10D9D9}.Ad-Hoc|x86.Build.0 = Release|Any CPU
		{AA5B445F-042F-446C-BFA2-79B1BD10D9D9}.Ad-Hoc|x86.Deploy.0 = Release|Any CPU
		{AA5B445F-042F-446C-BFA2-79B1BD10D9D9}.AppStore|Any CPU.ActiveCfg = Release|Any CPU
		{AA5B445F-042F-446C-BFA2-79B1BD10D9D9}.AppStore|Any CPU.Build.0 = Release|Any CPU
		{AA5B445F-042F-446C-BFA2-79B1BD10D9D9}.AppStore|Any CPU.Deploy.0 = Release|Any CPU
		{AA5B445F-042F-446C-BFA2-79B1BD10D9D9}.AppStore|ARM.ActiveCfg = Release|Any CPU
		{AA5B445F-042F-446C-BFA2-79B1BD10D9D9}.AppStore|ARM.Build.0 = Release|Any CPU
		{AA5B445F-042F-446C-BFA2-79B1BD10D9D9}.AppStore|ARM.Deploy.0 = Release|Any CPU
		{AA5B445F-042F-446C-BFA2-79B1BD10D9D9}.AppStore|iPhone.ActiveCfg = Release|Any CPU
		{AA5B445F-042F-446C-BFA2-79B1BD10D9D9}.AppStore|iPhone.Build.0 = Release|Any CPU
		{AA5B445F-042F-446C-BFA2-79B1BD10D9D9}.AppStore|iPhone.Deploy.0 = Release|Any CPU
		{AA5B445F-042F-446C-BFA2-79B1BD10D9D9}.AppStore|iPhoneSimulator.ActiveCfg = Release|Any CPU
		{AA5B445F-042F-446C-BFA2-79B1BD10D9D9}.AppStore|iPhoneSimulator.Build.0 = Release|Any CPU
		{AA5B445F-042F-446C-BFA2-79B1BD10D9D9}.AppStore|iPhoneSimulator.Deploy.0 = Release|Any CPU
		{AA5B445F-042F-446C-BFA2-79B1BD10D9D9}.AppStore|x64.ActiveCfg = Release|Any CPU
		{AA5B445F-042F-446C-BFA2-79B1BD10D9D9}.AppStore|x64.Build.0 = Release|Any CPU
		{AA5B445F-042F-446C-BFA2-79B1BD10D9D9}.AppStore|x64.Deploy.0 = Release|Any CPU
		{AA5B445F-042F-446C-BFA2-79B1BD10D9D9}.AppStore|x86.ActiveCfg = Release|Any CPU
		{AA5B445F-042F-446C-BFA2-79B1BD10D9D9}.AppStore|x86.Build.0 = Release|Any CPU
		{AA5B445F-042F-446C-BFA2-79B1BD10D9D9}.AppStore|x86.Deploy.0 = Release|Any CPU
		{AA5B445F-042F-446C-BFA2-79B1BD10D9D9}.Debug|Any CPU.ActiveCfg = Debug|Any CPU
		{AA5B445F-042F-446C-BFA2-79B1BD10D9D9}.Debug|Any CPU.Build.0 = Debug|Any CPU
		{AA5B445F-042F-446C-BFA2-79B1BD10D9D9}.Debug|Any CPU.Deploy.0 = Debug|Any CPU
		{AA5B445F-042F-446C-BFA2-79B1BD10D9D9}.Debug|ARM.ActiveCfg = Debug|Any CPU
		{AA5B445F-042F-446C-BFA2-79B1BD10D9D9}.Debug|ARM.Build.0 = Debug|Any CPU
		{AA5B445F-042F-446C-BFA2-79B1BD10D9D9}.Debug|ARM.Deploy.0 = Debug|Any CPU
		{AA5B445F-042F-446C-BFA2-79B1BD10D9D9}.Debug|iPhone.ActiveCfg = Debug|Any CPU
		{AA5B445F-042F-446C-BFA2-79B1BD10D9D9}.Debug|iPhone.Build.0 = Debug|Any CPU
		{AA5B445F-042F-446C-BFA2-79B1BD10D9D9}.Debug|iPhone.Deploy.0 = Debug|Any CPU
		{AA5B445F-042F-446C-BFA2-79B1BD10D9D9}.Debug|iPhoneSimulator.ActiveCfg = Debug|Any CPU
		{AA5B445F-042F-446C-BFA2-79B1BD10D9D9}.Debug|iPhoneSimulator.Build.0 = Debug|Any CPU
		{AA5B445F-042F-446C-BFA2-79B1BD10D9D9}.Debug|iPhoneSimulator.Deploy.0 = Debug|Any CPU
		{AA5B445F-042F-446C-BFA2-79B1BD10D9D9}.Debug|x64.ActiveCfg = Debug|Any CPU
		{AA5B445F-042F-446C-BFA2-79B1BD10D9D9}.Debug|x64.Build.0 = Debug|Any CPU
		{AA5B445F-042F-446C-BFA2-79B1BD10D9D9}.Debug|x64.Deploy.0 = Debug|Any CPU
		{AA5B445F-042F-446C-BFA2-79B1BD10D9D9}.Debug|x86.ActiveCfg = Debug|Any CPU
		{AA5B445F-042F-446C-BFA2-79B1BD10D9D9}.Debug|x86.Build.0 = Debug|Any CPU
		{AA5B445F-042F-446C-BFA2-79B1BD10D9D9}.Debug|x86.Deploy.0 = Debug|Any CPU
		{AA5B445F-042F-446C-BFA2-79B1BD10D9D9}.Release|Any CPU.ActiveCfg = Release|Any CPU
		{AA5B445F-042F-446C-BFA2-79B1BD10D9D9}.Release|Any CPU.Build.0 = Release|Any CPU
		{AA5B445F-042F-446C-BFA2-79B1BD10D9D9}.Release|Any CPU.Deploy.0 = Release|Any CPU
		{AA5B445F-042F-446C-BFA2-79B1BD10D9D9}.Release|ARM.ActiveCfg = Release|Any CPU
		{AA5B445F-042F-446C-BFA2-79B1BD10D9D9}.Release|ARM.Build.0 = Release|Any CPU
		{AA5B445F-042F-446C-BFA2-79B1BD10D9D9}.Release|ARM.Deploy.0 = Release|Any CPU
		{AA5B445F-042F-446C-BFA2-79B1BD10D9D9}.Release|iPhone.ActiveCfg = Release|Any CPU
		{AA5B445F-042F-446C-BFA2-79B1BD10D9D9}.Release|iPhone.Build.0 = Release|Any CPU
		{AA5B445F-042F-446C-BFA2-79B1BD10D9D9}.Release|iPhone.Deploy.0 = Release|Any CPU
		{AA5B445F-042F-446C-BFA2-79B1BD10D9D9}.Release|iPhoneSimulator.ActiveCfg = Release|Any CPU
		{AA5B445F-042F-446C-BFA2-79B1BD10D9D9}.Release|iPhoneSimulator.Build.0 = Release|Any CPU
		{AA5B445F-042F-446C-BFA2-79B1BD10D9D9}.Release|iPhoneSimulator.Deploy.0 = Release|Any CPU
		{AA5B445F-042F-446C-BFA2-79B1BD10D9D9}.Release|x64.ActiveCfg = Release|Any CPU
		{AA5B445F-042F-446C-BFA2-79B1BD10D9D9}.Release|x64.Build.0 = Release|Any CPU
		{AA5B445F-042F-446C-BFA2-79B1BD10D9D9}.Release|x64.Deploy.0 = Release|Any CPU
		{AA5B445F-042F-446C-BFA2-79B1BD10D9D9}.Release|x86.ActiveCfg = Release|Any CPU
		{AA5B445F-042F-446C-BFA2-79B1BD10D9D9}.Release|x86.Build.0 = Release|Any CPU
		{AA5B445F-042F-446C-BFA2-79B1BD10D9D9}.Release|x86.Deploy.0 = Release|Any CPU
		{BBB85D18-F4B1-4B06-889C-E2306EF78EC8}.Ad-Hoc|Any CPU.ActiveCfg = Ad-Hoc|iPhone
		{BBB85D18-F4B1-4B06-889C-E2306EF78EC8}.Ad-Hoc|ARM.ActiveCfg = Ad-Hoc|iPhone
		{BBB85D18-F4B1-4B06-889C-E2306EF78EC8}.Ad-Hoc|iPhone.ActiveCfg = Ad-Hoc|iPhone
		{BBB85D18-F4B1-4B06-889C-E2306EF78EC8}.Ad-Hoc|iPhone.Build.0 = Ad-Hoc|iPhone
		{BBB85D18-F4B1-4B06-889C-E2306EF78EC8}.Ad-Hoc|iPhoneSimulator.ActiveCfg = Ad-Hoc|iPhoneSimulator
		{BBB85D18-F4B1-4B06-889C-E2306EF78EC8}.Ad-Hoc|iPhoneSimulator.Build.0 = Ad-Hoc|iPhoneSimulator
		{BBB85D18-F4B1-4B06-889C-E2306EF78EC8}.Ad-Hoc|x64.ActiveCfg = Ad-Hoc|iPhone
		{BBB85D18-F4B1-4B06-889C-E2306EF78EC8}.Ad-Hoc|x86.ActiveCfg = Ad-Hoc|iPhone
		{BBB85D18-F4B1-4B06-889C-E2306EF78EC8}.AppStore|Any CPU.ActiveCfg = AppStore|iPhone
		{BBB85D18-F4B1-4B06-889C-E2306EF78EC8}.AppStore|ARM.ActiveCfg = AppStore|iPhone
		{BBB85D18-F4B1-4B06-889C-E2306EF78EC8}.AppStore|iPhone.ActiveCfg = AppStore|iPhone
		{BBB85D18-F4B1-4B06-889C-E2306EF78EC8}.AppStore|iPhone.Build.0 = AppStore|iPhone
		{BBB85D18-F4B1-4B06-889C-E2306EF78EC8}.AppStore|iPhoneSimulator.ActiveCfg = AppStore|iPhoneSimulator
		{BBB85D18-F4B1-4B06-889C-E2306EF78EC8}.AppStore|iPhoneSimulator.Build.0 = AppStore|iPhoneSimulator
		{BBB85D18-F4B1-4B06-889C-E2306EF78EC8}.AppStore|x64.ActiveCfg = AppStore|iPhone
		{BBB85D18-F4B1-4B06-889C-E2306EF78EC8}.AppStore|x86.ActiveCfg = AppStore|iPhone
		{BBB85D18-F4B1-4B06-889C-E2306EF78EC8}.Debug|Any CPU.ActiveCfg = Debug|iPhone
		{BBB85D18-F4B1-4B06-889C-E2306EF78EC8}.Debug|ARM.ActiveCfg = Debug|iPhone
		{BBB85D18-F4B1-4B06-889C-E2306EF78EC8}.Debug|iPhone.ActiveCfg = Debug|iPhone
		{BBB85D18-F4B1-4B06-889C-E2306EF78EC8}.Debug|iPhone.Build.0 = Debug|iPhone
		{BBB85D18-F4B1-4B06-889C-E2306EF78EC8}.Debug|iPhoneSimulator.ActiveCfg = Debug|iPhoneSimulator
		{BBB85D18-F4B1-4B06-889C-E2306EF78EC8}.Debug|iPhoneSimulator.Build.0 = Debug|iPhoneSimulator
		{BBB85D18-F4B1-4B06-889C-E2306EF78EC8}.Debug|x64.ActiveCfg = Debug|iPhone
		{BBB85D18-F4B1-4B06-889C-E2306EF78EC8}.Debug|x86.ActiveCfg = Debug|iPhone
		{BBB85D18-F4B1-4B06-889C-E2306EF78EC8}.Release|Any CPU.ActiveCfg = Release|iPhone
		{BBB85D18-F4B1-4B06-889C-E2306EF78EC8}.Release|ARM.ActiveCfg = Release|iPhone
		{BBB85D18-F4B1-4B06-889C-E2306EF78EC8}.Release|iPhone.ActiveCfg = Release|iPhone
		{BBB85D18-F4B1-4B06-889C-E2306EF78EC8}.Release|iPhone.Build.0 = Release|iPhone
		{BBB85D18-F4B1-4B06-889C-E2306EF78EC8}.Release|iPhoneSimulator.ActiveCfg = Release|iPhoneSimulator
		{BBB85D18-F4B1-4B06-889C-E2306EF78EC8}.Release|iPhoneSimulator.Build.0 = Release|iPhoneSimulator
		{BBB85D18-F4B1-4B06-889C-E2306EF78EC8}.Release|x64.ActiveCfg = Release|iPhone
		{BBB85D18-F4B1-4B06-889C-E2306EF78EC8}.Release|x86.ActiveCfg = Release|iPhone
		{9482DA79-2263-42F5-876B-0619ED4606CC}.Ad-Hoc|Any CPU.ActiveCfg = Release|x86
		{9482DA79-2263-42F5-876B-0619ED4606CC}.Ad-Hoc|Any CPU.Build.0 = Release|x86
		{9482DA79-2263-42F5-876B-0619ED4606CC}.Ad-Hoc|Any CPU.Deploy.0 = Release|x86
		{9482DA79-2263-42F5-876B-0619ED4606CC}.Ad-Hoc|ARM.ActiveCfg = Release|ARM
		{9482DA79-2263-42F5-876B-0619ED4606CC}.Ad-Hoc|ARM.Build.0 = Release|ARM
		{9482DA79-2263-42F5-876B-0619ED4606CC}.Ad-Hoc|ARM.Deploy.0 = Release|ARM
		{9482DA79-2263-42F5-876B-0619ED4606CC}.Ad-Hoc|iPhone.ActiveCfg = Release|x86
		{9482DA79-2263-42F5-876B-0619ED4606CC}.Ad-Hoc|iPhone.Build.0 = Release|x86
		{9482DA79-2263-42F5-876B-0619ED4606CC}.Ad-Hoc|iPhone.Deploy.0 = Release|x86
		{9482DA79-2263-42F5-876B-0619ED4606CC}.Ad-Hoc|iPhoneSimulator.ActiveCfg = Release|x86
		{9482DA79-2263-42F5-876B-0619ED4606CC}.Ad-Hoc|iPhoneSimulator.Build.0 = Release|x86
		{9482DA79-2263-42F5-876B-0619ED4606CC}.Ad-Hoc|iPhoneSimulator.Deploy.0 = Release|x86
		{9482DA79-2263-42F5-876B-0619ED4606CC}.Ad-Hoc|x64.ActiveCfg = Release|x64
		{9482DA79-2263-42F5-876B-0619ED4606CC}.Ad-Hoc|x64.Build.0 = Release|x64
		{9482DA79-2263-42F5-876B-0619ED4606CC}.Ad-Hoc|x64.Deploy.0 = Release|x64
		{9482DA79-2263-42F5-876B-0619ED4606CC}.Ad-Hoc|x86.ActiveCfg = Release|x86
		{9482DA79-2263-42F5-876B-0619ED4606CC}.Ad-Hoc|x86.Build.0 = Release|x86
		{9482DA79-2263-42F5-876B-0619ED4606CC}.Ad-Hoc|x86.Deploy.0 = Release|x86
		{9482DA79-2263-42F5-876B-0619ED4606CC}.AppStore|Any CPU.ActiveCfg = Release|x86
		{9482DA79-2263-42F5-876B-0619ED4606CC}.AppStore|Any CPU.Build.0 = Release|x86
		{9482DA79-2263-42F5-876B-0619ED4606CC}.AppStore|Any CPU.Deploy.0 = Release|x86
		{9482DA79-2263-42F5-876B-0619ED4606CC}.AppStore|ARM.ActiveCfg = Release|ARM
		{9482DA79-2263-42F5-876B-0619ED4606CC}.AppStore|ARM.Build.0 = Release|ARM
		{9482DA79-2263-42F5-876B-0619ED4606CC}.AppStore|ARM.Deploy.0 = Release|ARM
		{9482DA79-2263-42F5-876B-0619ED4606CC}.AppStore|iPhone.ActiveCfg = Release|x86
		{9482DA79-2263-42F5-876B-0619ED4606CC}.AppStore|iPhone.Build.0 = Release|x86
		{9482DA79-2263-42F5-876B-0619ED4606CC}.AppStore|iPhone.Deploy.0 = Release|x86
		{9482DA79-2263-42F5-876B-0619ED4606CC}.AppStore|iPhoneSimulator.ActiveCfg = Release|x86
		{9482DA79-2263-42F5-876B-0619ED4606CC}.AppStore|iPhoneSimulator.Build.0 = Release|x86
		{9482DA79-2263-42F5-876B-0619ED4606CC}.AppStore|iPhoneSimulator.Deploy.0 = Release|x86
		{9482DA79-2263-42F5-876B-0619ED4606CC}.AppStore|x64.ActiveCfg = Release|x64
		{9482DA79-2263-42F5-876B-0619ED4606CC}.AppStore|x64.Build.0 = Release|x64
		{9482DA79-2263-42F5-876B-0619ED4606CC}.AppStore|x64.Deploy.0 = Release|x64
		{9482DA79-2263-42F5-876B-0619ED4606CC}.AppStore|x86.ActiveCfg = Release|x86
		{9482DA79-2263-42F5-876B-0619ED4606CC}.AppStore|x86.Build.0 = Release|x86
		{9482DA79-2263-42F5-876B-0619ED4606CC}.AppStore|x86.Deploy.0 = Release|x86
		{9482DA79-2263-42F5-876B-0619ED4606CC}.Debug|Any CPU.ActiveCfg = Debug|x86
		{9482DA79-2263-42F5-876B-0619ED4606CC}.Debug|ARM.ActiveCfg = Debug|ARM
		{9482DA79-2263-42F5-876B-0619ED4606CC}.Debug|ARM.Build.0 = Debug|ARM
		{9482DA79-2263-42F5-876B-0619ED4606CC}.Debug|ARM.Deploy.0 = Debug|ARM
		{9482DA79-2263-42F5-876B-0619ED4606CC}.Debug|iPhone.ActiveCfg = Debug|x86
		{9482DA79-2263-42F5-876B-0619ED4606CC}.Debug|iPhoneSimulator.ActiveCfg = Debug|x86
		{9482DA79-2263-42F5-876B-0619ED4606CC}.Debug|x64.ActiveCfg = Debug|x64
		{9482DA79-2263-42F5-876B-0619ED4606CC}.Debug|x64.Build.0 = Debug|x64
		{9482DA79-2263-42F5-876B-0619ED4606CC}.Debug|x64.Deploy.0 = Debug|x64
		{9482DA79-2263-42F5-876B-0619ED4606CC}.Debug|x86.ActiveCfg = Debug|x86
		{9482DA79-2263-42F5-876B-0619ED4606CC}.Debug|x86.Build.0 = Debug|x86
		{9482DA79-2263-42F5-876B-0619ED4606CC}.Debug|x86.Deploy.0 = Debug|x86
		{9482DA79-2263-42F5-876B-0619ED4606CC}.Release|Any CPU.ActiveCfg = Release|x86
		{9482DA79-2263-42F5-876B-0619ED4606CC}.Release|ARM.ActiveCfg = Release|ARM
		{9482DA79-2263-42F5-876B-0619ED4606CC}.Release|ARM.Build.0 = Release|ARM
		{9482DA79-2263-42F5-876B-0619ED4606CC}.Release|ARM.Deploy.0 = Release|ARM
		{9482DA79-2263-42F5-876B-0619ED4606CC}.Release|iPhone.ActiveCfg = Release|x86
		{9482DA79-2263-42F5-876B-0619ED4606CC}.Release|iPhoneSimulator.ActiveCfg = Release|x86
		{9482DA79-2263-42F5-876B-0619ED4606CC}.Release|x64.ActiveCfg = Release|x64
		{9482DA79-2263-42F5-876B-0619ED4606CC}.Release|x64.Build.0 = Release|x64
		{9482DA79-2263-42F5-876B-0619ED4606CC}.Release|x64.Deploy.0 = Release|x64
		{9482DA79-2263-42F5-876B-0619ED4606CC}.Release|x86.ActiveCfg = Release|x86
		{9482DA79-2263-42F5-876B-0619ED4606CC}.Release|x86.Build.0 = Release|x86
		{9482DA79-2263-42F5-876B-0619ED4606CC}.Release|x86.Deploy.0 = Release|x86
	EndGlobalSection
	GlobalSection(SolutionProperties) = preSolution
		HideSolutionNode = FALSE
	EndGlobalSection
	GlobalSection(ExtensibilityGlobals) = postSolution
		SolutionGuid = {878DF23B-CC56-44E0-9FFA-18652E8C57BC}
	EndGlobalSection
EndGlobal
